
Microsoft Visual Studio Solution File, Format Version 12.00
# Visual Studio Version 17
VisualStudioVersion = 17.5.33502.453
MinimumVisualStudioVersion = 10.0.40219.1
Project("{9A19103F-16F7-4668-BE54-9A1E7A4F7556}") = "MetaWeblog", "MetaWeBlog\MetaWeblog.csproj", "{712836D2-60FC-44EF-819E-2B2510D763D4}"
EndProject
Project("{9A19103F-16F7-4668-BE54-9A1E7A4F7556}") = "Test", "Test\Test.csproj", "{94613AC1-1A74-4A44-9BF4-D8F22BB5DE50}"
EndProject
Global
	GlobalSection(SolutionConfigurationPlatforms) = preSolution
		Debug|Any CPU = Debug|Any CPU
		Release|Any CPU = Release|Any CPU
	EndGlobalSection
	GlobalSection(ProjectConfigurationPlatforms) = postSolution
		{712836D2-60FC-44EF-819E-2B2510D763D4}.Debug|Any CPU.ActiveCfg = Debug|Any CPU
		{712836D2-60FC-44EF-819E-2B2510D763D4}.Debug|Any CPU.Build.0 = Debug|Any CPU
		{712836D2-60FC-44EF-819E-2B2510D763D4}.Release|Any CPU.ActiveCfg = Release|Any CPU
		{712836D2-60FC-44EF-819E-2B2510D763D4}.Release|Any CPU.Build.0 = Release|Any CPU
		{94613AC1-1A74-4A44-9BF4-D8F22BB5DE50}.Debug|Any CPU.ActiveCfg = Debug|Any CPU
		{94613AC1-1A74-4A44-9BF4-D8F22BB5DE50}.Debug|Any CPU.Build.0 = Debug|Any CPU
		{94613AC1-1A74-4A44-9BF4-D8F22BB5DE50}.Release|Any CPU.ActiveCfg = Release|Any CPU
		{94613AC1-1A74-4A44-9BF4-D8F22BB5DE50}.Release|Any CPU.Build.0 = Release|Any CPU
	EndGlobalSection
	GlobalSection(SolutionProperties) = preSolution
		HideSolutionNode = FALSE
	EndGlobalSection
	GlobalSection(ExtensibilityGlobals) = postSolution
		SolutionGuid = {B23DA9A6-3861-4AF1-9F40-8BD7B223DF8C}
	EndGlobalSection
EndGlobal
